{
	"name": "client",
	"lockfileVersion": 3,
	"requires": true,
	"packages": {
		"": {
			"dependencies": {
				"@bytecodealliance/jco-transpile": "^0.0.4",
				"vscode-languageclient": "^9.0.1"
			},
			"devDependencies": {
				"@types/node": "^20",
				"@types/vscode": "^1.75.1"
			},
			"engines": {
				"vscode": "^1.86.0"
			}
		},
		"node_modules/@bytecodealliance/jco-transpile": {
			"version": "0.0.4",
			"resolved": "https://registry.npmjs.org/@bytecodealliance/jco-transpile/-/jco-transpile-0.0.4.tgz",
			"integrity": "sha512-ulvrPP2EAHSrynT/EziKnpNgiwwY+JDmH/IMPbMqYqxYuonQm09d64Hf/wVIa3SDSaeaSnP5Jj+x+zz9iWVmWw==",
			"license": "(Apache-2.0 WITH LLVM-exception)",
			"dependencies": {
				"@bytecodealliance/preview2-shim": "^0.17.3",
				"chalk-template": "^1",
				"terser": "^5"
			}
		},
		"node_modules/@bytecodealliance/preview2-shim": {
			"version": "0.17.5",
			"resolved": "https://registry.npmjs.org/@bytecodealliance/preview2-shim/-/preview2-shim-0.17.5.tgz",
			"integrity": "sha512-F4WYVC6aHOiOXSsG3WDGFALrkpb952+9/EIX119qIzDtYgE5tvbOnKeBb0Y+NMzGEsu3334GdHIRXQ6wibY0MA==",
			"license": "(Apache-2.0 WITH LLVM-exception)"
		},
		"node_modules/@jridgewell/gen-mapping": {
			"version": "0.3.13",
			"resolved": "https://registry.npmjs.org/@jridgewell/gen-mapping/-/gen-mapping-0.3.13.tgz",
			"integrity": "sha512-2kkt/7niJ6MgEPxF0bYdQ6etZaA+fQvDcLKckhy1yIQOzaoKjBBjSj63/aLVjYE3qhRt5dvM+uUyfCg6UKCBbA==",
			"license": "MIT",
			"dependencies": {
				"@jridgewell/sourcemap-codec": "^1.5.0",
				"@jridgewell/trace-mapping": "^0.3.24"
			}
		},
		"node_modules/@jridgewell/resolve-uri": {
			"version": "3.1.2",
			"resolved": "https://registry.npmjs.org/@jridgewell/resolve-uri/-/resolve-uri-3.1.2.tgz",
			"integrity": "sha512-bRISgCIjP20/tbWSPWMEi54QVPRZExkuD9lJL+UIxUKtwVJA8wW1Trb1jMs1RFXo1CBTNZ/5hpC9QvmKWdopKw==",
			"license": "MIT",
			"engines": {
				"node": ">=6.0.0"
			}
		},
		"node_modules/@jridgewell/source-map": {
			"version": "0.3.11",
			"resolved": "https://registry.npmjs.org/@jridgewell/source-map/-/source-map-0.3.11.tgz",
			"integrity": "sha512-ZMp1V8ZFcPG5dIWnQLr3NSI1MiCU7UETdS/A0G8V/XWHvJv3ZsFqutJn1Y5RPmAPX6F3BiE397OqveU/9NCuIA==",
			"license": "MIT",
			"dependencies": {
				"@jridgewell/gen-mapping": "^0.3.5",
				"@jridgewell/trace-mapping": "^0.3.25"
			}
		},
		"node_modules/@jridgewell/sourcemap-codec": {
			"version": "1.5.5",
			"resolved": "https://registry.npmjs.org/@jridgewell/sourcemap-codec/-/sourcemap-codec-1.5.5.tgz",
			"integrity": "sha512-cYQ9310grqxueWbl+WuIUIaiUaDcj7WOq5fVhEljNVgRfOUhY9fy2zTvfoqWsnebh8Sl70VScFbICvJnLKB0Og==",
			"license": "MIT"
		},
		"node_modules/@jridgewell/trace-mapping": {
			"version": "0.3.31",
			"resolved": "https://registry.npmjs.org/@jridgewell/trace-mapping/-/trace-mapping-0.3.31.tgz",
			"integrity": "sha512-zzNR+SdQSDJzc8joaeP8QQoCQr8NuYx2dIIytl1QeBEZHJ9uW6hebsrYgbz8hJwUQao3TWCMtmfV8Nu1twOLAw==",
			"license": "MIT",
			"dependencies": {
				"@jridgewell/resolve-uri": "^3.1.0",
				"@jridgewell/sourcemap-codec": "^1.4.14"
			}
		},
		"node_modules/@types/node": {
			"version": "20.19.11",
			"resolved": "https://registry.npmjs.org/@types/node/-/node-20.19.11.tgz",
			"integrity": "sha512-uug3FEEGv0r+jrecvUUpbY8lLisvIjg6AAic6a2bSP5OEOLeJsDSnvhCDov7ipFFMXS3orMpzlmi0ZcuGkBbow==",
			"dev": true,
			"license": "MIT",
			"dependencies": {
				"undici-types": "~6.21.0"
			}
		},
		"node_modules/@types/vscode": {
			"version": "1.103.0",
			"resolved": "https://registry.npmjs.org/@types/vscode/-/vscode-1.103.0.tgz",
			"integrity": "sha512-o4hanZAQdNfsKecexq9L3eHICd0AAvdbLk6hA60UzGXbGH/q8b/9xv2RgR7vV3ZcHuyKVq7b37IGd/+gM4Tu+Q==",
			"dev": true,
			"license": "MIT"
		},
		"node_modules/acorn": {
			"version": "8.15.0",
			"resolved": "https://registry.npmjs.org/acorn/-/acorn-8.15.0.tgz",
			"integrity": "sha512-NZyJarBfL7nWwIq+FDL6Zp/yHEhePMNnnJ0y3qfieCrmNvYct8uvtiV41UvlSe6apAfk0fY1FbWx+NwfmpvtTg==",
			"license": "MIT",
			"bin": {
				"acorn": "bin/acorn"
			},
			"engines": {
				"node": ">=0.4.0"
			}
		},
		"node_modules/balanced-match": {
			"version": "1.0.2",
			"resolved": "https://registry.npmjs.org/balanced-match/-/balanced-match-1.0.2.tgz",
			"integrity": "sha512-3oSeUO0TMV67hN1AmbXsK4yaqU7tjiHlbxRDZOpH0KW9+CeX4bRAaX0Anxt0tx2MrpRpWwQaPwIlISEJhYU5Pw==",
			"license": "MIT"
		},
		"node_modules/brace-expansion": {
			"version": "2.0.2",
			"resolved": "https://registry.npmjs.org/brace-expansion/-/brace-expansion-2.0.2.tgz",
			"integrity": "sha512-Jt0vHyM+jmUBqojB7E1NIYadt0vI0Qxjxd2TErW94wDz+E2LAm5vKMXXwg6ZZBTHPuUlDgQHKXvjGBdfcF1ZDQ==",
			"license": "MIT",
			"dependencies": {
				"balanced-match": "^1.0.0"
			}
		},
		"node_modules/buffer-from": {
			"version": "1.1.2",
			"resolved": "https://registry.npmjs.org/buffer-from/-/buffer-from-1.1.2.tgz",
			"integrity": "sha512-E+XQCRwSbaaiChtv6k6Dwgc+bx+Bs6vuKJHHl5kox/BaKbhiXzqQOwK4cO22yElGp2OCmjwVhT3HmxgyPGnJfQ==",
			"license": "MIT"
		},
		"node_modules/chalk": {
			"version": "5.6.2",
			"resolved": "https://registry.npmjs.org/chalk/-/chalk-5.6.2.tgz",
			"integrity": "sha512-7NzBL0rN6fMUW+f7A6Io4h40qQlG+xGmtMxfbnH/K7TAtt8JQWVQK+6g0UXKMeVJoyV5EkkNsErQ8pVD3bLHbA==",
			"license": "MIT",
			"engines": {
				"node": "^12.17.0 || ^14.13 || >=16.0.0"
			},
			"funding": {
				"url": "https://github.com/chalk/chalk?sponsor=1"
			}
		},
		"node_modules/chalk-template": {
			"version": "1.1.2",
			"resolved": "https://registry.npmjs.org/chalk-template/-/chalk-template-1.1.2.tgz",
			"integrity": "sha512-2bxTP2yUH7AJj/VAXfcA+4IcWGdQ87HwBANLt5XxGTeomo8yG0y95N1um9i5StvhT/Bl0/2cARA5v1PpPXUxUA==",
			"license": "MIT",
			"dependencies": {
				"chalk": "^5.2.0"
			},
			"engines": {
				"node": ">=14.16"
			},
			"funding": {
				"url": "https://github.com/chalk/chalk-template?sponsor=1"
			}
		},
		"node_modules/commander": {
			"version": "2.20.3",
			"resolved": "https://registry.npmjs.org/commander/-/commander-2.20.3.tgz",
			"integrity": "sha512-GpVkmM8vF2vQUkj2LvZmD35JxeJOLCwJ9cUkugyk2nuhbv3+mJvpLYYt+0+USMxE+oj+ey/lJEnhZw75x/OMcQ==",
			"license": "MIT"
		},
		"node_modules/minimatch": {
			"version": "5.1.6",
			"resolved": "https://registry.npmjs.org/minimatch/-/minimatch-5.1.6.tgz",
			"integrity": "sha512-lKwV/1brpG6mBUFHtb7NUmtABCb2WZZmm2wNiOA5hAb8VdCS4B3dtMWyvcoViccwAW/COERjXLt0zP1zXUN26g==",
			"license": "ISC",
			"dependencies": {
				"brace-expansion": "^2.0.1"
			},
			"engines": {
				"node": ">=10"
			}
		},
		"node_modules/semver": {
			"version": "7.7.2",
			"resolved": "https://registry.npmjs.org/semver/-/semver-7.7.2.tgz",
			"integrity": "sha512-RF0Fw+rO5AMf9MAyaRXI4AV0Ulj5lMHqVxxdSgiVbixSCXoEmmX/jk0CuJw4+3SqroYO9VoUh+HcuJivvtJemA==",
			"license": "ISC",
			"bin": {
				"semver": "bin/semver.js"
			},
			"engines": {
				"node": ">=10"
			}
		},
		"node_modules/source-map": {
			"version": "0.6.1",
			"resolved": "https://registry.npmjs.org/source-map/-/source-map-0.6.1.tgz",
			"integrity": "sha512-UjgapumWlbMhkBgzT7Ykc5YXUT46F0iKu8SGXq0bcwP5dz/h0Plj6enJqjz1Zbq2l5WaqYnrVbwWOWMyF3F47g==",
			"license": "BSD-3-Clause",
			"engines": {
				"node": ">=0.10.0"
			}
		},
		"node_modules/source-map-support": {
			"version": "0.5.21",
			"resolved": "https://registry.npmjs.org/source-map-support/-/source-map-support-0.5.21.tgz",
			"integrity": "sha512-uBHU3L3czsIyYXKX88fdrGovxdSCoTGDRZ6SYXtSRxLZUzHg5P/66Ht6uoUlHu9EZod+inXhKo3qQgwXUT/y1w==",
			"license": "MIT",
			"dependencies": {
				"buffer-from": "^1.0.0",
				"source-map": "^0.6.0"
			}
		},
		"node_modules/terser": {
			"version": "5.44.0",
			"resolved": "https://registry.npmjs.org/terser/-/terser-5.44.0.tgz",
			"integrity": "sha512-nIVck8DK+GM/0Frwd+nIhZ84pR/BX7rmXMfYwyg+Sri5oGVE99/E3KvXqpC2xHFxyqXyGHTKBSioxxplrO4I4w==",
			"license": "BSD-2-Clause",
			"dependencies": {
				"@jridgewell/source-map": "^0.3.3",
				"acorn": "^8.15.0",
				"commander": "^2.20.0",
				"source-map-support": "~0.5.20"
			},
			"bin": {
				"terser": "bin/terser"
			},
			"engines": {
				"node": ">=10"
			}
		},
		"node_modules/undici-types": {
			"version": "6.21.0",
			"resolved": "https://registry.npmjs.org/undici-types/-/undici-types-6.21.0.tgz",
			"integrity": "sha512-iwDZqg0QAGrg9Rav5H4n0M64c3mkR59cJ6wQp+7C4nI0gsmExaedaYLNO44eT4AtBBwjbTiGPMlt2Md0T9H9JQ==",
			"dev": true,
			"license": "MIT"
		},
		"node_modules/vscode-jsonrpc": {
			"version": "8.2.0",
			"resolved": "https://registry.npmjs.org/vscode-jsonrpc/-/vscode-jsonrpc-8.2.0.tgz",
			"integrity": "sha512-C+r0eKJUIfiDIfwJhria30+TYWPtuHJXHtI7J0YlOmKAo7ogxP20T0zxB7HZQIFhIyvoBPwWskjxrvAtfjyZfA==",
			"license": "MIT",
			"engines": {
				"node": ">=14.0.0"
			}
		},
		"node_modules/vscode-languageclient": {
			"version": "9.0.1",
			"resolved": "https://registry.npmjs.org/vscode-languageclient/-/vscode-languageclient-9.0.1.tgz",
			"integrity": "sha512-JZiimVdvimEuHh5olxhxkht09m3JzUGwggb5eRUkzzJhZ2KjCN0nh55VfiED9oez9DyF8/fz1g1iBV3h+0Z2EA==",
			"license": "MIT",
			"dependencies": {
				"minimatch": "^5.1.0",
				"semver": "^7.3.7",
				"vscode-languageserver-protocol": "3.17.5"
			},
			"engines": {
				"vscode": "^1.82.0"
			}
		},
		"node_modules/vscode-languageserver-protocol": {
			"version": "3.17.5",
			"resolved": "https://registry.npmjs.org/vscode-languageserver-protocol/-/vscode-languageserver-protocol-3.17.5.tgz",
			"integrity": "sha512-mb1bvRJN8SVznADSGWM9u/b07H7Ecg0I3OgXDuLdn307rl/J3A9YD6/eYOssqhecL27hK1IPZAsaqh00i/Jljg==",
			"license": "MIT",
			"dependencies": {
				"vscode-jsonrpc": "8.2.0",
				"vscode-languageserver-types": "3.17.5"
			}
		},
		"node_modules/vscode-languageserver-types": {
			"version": "3.17.5",
			"resolved": "https://registry.npmjs.org/vscode-languageserver-types/-/vscode-languageserver-types-3.17.5.tgz",
			"integrity": "sha512-Ld1VelNuX9pdF39h2Hgaeb5hEZM2Z3jUrrMgWQAu82jMtZp7p3vJT3BzToKtZI7NgQssZje5o0zryOrhQvzQAg==",
			"license": "MIT"
		}
	}
}
